
Microsoft Visual Studio Solution File, Format Version 12.00
# 
Project("{2150E333-8FDC-42A3-9474-1A3956D46DE8}") = "src", "src", "{8F85A366-832A-40AB-92BB-0A49C546B49B}"
EndProject
Project("{FAE04EC0-301F-11D3-BF4B-00C04F79EFBC}") = "Gupy.Api", "src\Gupy.Api\Gupy.Api.csproj", "{4DEC27E3-370D-4C79-8845-F416B08D418E}"
EndProject
Project("{FAE04EC0-301F-11D3-BF4B-00C04F79EFBC}") = "Gupy.Business", "src\Gupy.Business\Gupy.Business.csproj", "{5ABFA401-AF4A-43DA-A11A-F0D2537A25AE}"
EndProject
Project("{FAE04EC0-301F-11D3-BF4B-00C04F79EFBC}") = "Gupy.Core", "src\Gupy.Core\Gupy.Core.csproj", "{A660297C-4168-4BE8-B69B-73F6EAA1C18C}"
EndProject
Project("{FAE04EC0-301F-11D3-BF4B-00C04F79EFBC}") = "Gupy.Data", "src\Gupy.Data\Gupy.Data.csproj", "{F87E6389-DC44-4EA6-8502-3E1E9DD16E94}"
EndProject
Project("{FAE04EC0-301F-11D3-BF4B-00C04F79EFBC}") = "Gupy.Domain", "src\Gupy.Domain\Gupy.Domain.csproj", "{7E2FC8AD-3049-4D06-B7DC-927CC1C6951C}"
EndProject
Global
	GlobalSection(SolutionConfigurationPlatforms) = preSolution
		Debug|Any CPU = Debug|Any CPU
		Debug|x64 = Debug|x64
		Debug|x86 = Debug|x86
		Release|Any CPU = Release|Any CPU
		Release|x64 = Release|x64
		Release|x86 = Release|x86
	EndGlobalSection
	GlobalSection(ProjectConfigurationPlatforms) = postSolution
		{4DEC27E3-370D-4C79-8845-F416B08D418E}.Debug|Any CPU.ActiveCfg = Debug|Any CPU
		{4DEC27E3-370D-4C79-8845-F416B08D418E}.Debug|Any CPU.Build.0 = Debug|Any CPU
		{4DEC27E3-370D-4C79-8845-F416B08D418E}.Debug|x64.ActiveCfg = Debug|Any CPU
		{4DEC27E3-370D-4C79-8845-F416B08D418E}.Debug|x64.Build.0 = Debug|Any CPU
		{4DEC27E3-370D-4C79-8845-F416B08D418E}.Debug|x86.ActiveCfg = Debug|Any CPU
		{4DEC27E3-370D-4C79-8845-F416B08D418E}.Debug|x86.Build.0 = Debug|Any CPU
		{4DEC27E3-370D-4C79-8845-F416B08D418E}.Release|Any CPU.ActiveCfg = Release|Any CPU
		{4DEC27E3-370D-4C79-8845-F416B08D418E}.Release|Any CPU.Build.0 = Release|Any CPU
		{4DEC27E3-370D-4C79-8845-F416B08D418E}.Release|x64.ActiveCfg = Release|Any CPU
		{4DEC27E3-370D-4C79-8845-F416B08D418E}.Release|x64.Build.0 = Release|Any CPU
		{4DEC27E3-370D-4C79-8845-F416B08D418E}.Release|x86.ActiveCfg = Release|Any CPU
		{4DEC27E3-370D-4C79-8845-F416B08D418E}.Release|x86.Build.0 = Release|Any CPU
		{5ABFA401-AF4A-43DA-A11A-F0D2537A25AE}.Debug|Any CPU.ActiveCfg = Debug|Any CPU
		{5ABFA401-AF4A-43DA-A11A-F0D2537A25AE}.Debug|Any CPU.Build.0 = Debug|Any CPU
		{5ABFA401-AF4A-43DA-A11A-F0D2537A25AE}.Debug|x64.ActiveCfg = Debug|Any CPU
		{5ABFA401-AF4A-43DA-A11A-F0D2537A25AE}.Debug|x64.Build.0 = Debug|Any CPU
		{5ABFA401-AF4A-43DA-A11A-F0D2537A25AE}.Debug|x86.ActiveCfg = Debug|Any CPU
		{5ABFA401-AF4A-43DA-A11A-F0D2537A25AE}.Debug|x86.Build.0 = Debug|Any CPU
		{5ABFA401-AF4A-43DA-A11A-F0D2537A25AE}.Release|Any CPU.ActiveCfg = Release|Any CPU
		{5ABFA401-AF4A-43DA-A11A-F0D2537A25AE}.Release|Any CPU.Build.0 = Release|Any CPU
		{5ABFA401-AF4A-43DA-A11A-F0D2537A25AE}.Release|x64.ActiveCfg = Release|Any CPU
		{5ABFA401-AF4A-43DA-A11A-F0D2537A25AE}.Release|x64.Build.0 = Release|Any CPU
		{5ABFA401-AF4A-43DA-A11A-F0D2537A25AE}.Release|x86.ActiveCfg = Release|Any CPU
		{5ABFA401-AF4A-43DA-A11A-F0D2537A25AE}.Release|x86.Build.0 = Release|Any CPU
		{A660297C-4168-4BE8-B69B-73F6EAA1C18C}.Debug|Any CPU.ActiveCfg = Debug|Any CPU
		{A660297C-4168-4BE8-B69B-73F6EAA1C18C}.Debug|Any CPU.Build.0 = Debug|Any CPU
		{A660297C-4168-4BE8-B69B-73F6EAA1C18C}.Debug|x64.ActiveCfg = Debug|Any CPU
		{A660297C-4168-4BE8-B69B-73F6EAA1C18C}.Debug|x64.Build.0 = Debug|Any CPU
		{A660297C-4168-4BE8-B69B-73F6EAA1C18C}.Debug|x86.ActiveCfg = Debug|Any CPU
		{A660297C-4168-4BE8-B69B-73F6EAA1C18C}.Debug|x86.Build.0 = Debug|Any CPU
		{A660297C-4168-4BE8-B69B-73F6EAA1C18C}.Release|Any CPU.ActiveCfg = Release|Any CPU
		{A660297C-4168-4BE8-B69B-73F6EAA1C18C}.Release|Any CPU.Build.0 = Release|Any CPU
		{A660297C-4168-4BE8-B69B-73F6EAA1C18C}.Release|x64.ActiveCfg = Release|Any CPU
		{A660297C-4168-4BE8-B69B-73F6EAA1C18C}.Release|x64.Build.0 = Release|Any CPU
		{A660297C-4168-4BE8-B69B-73F6EAA1C18C}.Release|x86.ActiveCfg = Release|Any CPU
		{A660297C-4168-4BE8-B69B-73F6EAA1C18C}.Release|x86.Build.0 = Release|Any CPU
		{F87E6389-DC44-4EA6-8502-3E1E9DD16E94}.Debug|Any CPU.ActiveCfg = Debug|Any CPU
		{F87E6389-DC44-4EA6-8502-3E1E9DD16E94}.Debug|Any CPU.Build.0 = Debug|Any CPU
		{F87E6389-DC44-4EA6-8502-3E1E9DD16E94}.Debug|x64.ActiveCfg = Debug|Any CPU
		{F87E6389-DC44-4EA6-8502-3E1E9DD16E94}.Debug|x64.Build.0 = Debug|Any CPU
		{F87E6389-DC44-4EA6-8502-3E1E9DD16E94}.Debug|x86.ActiveCfg = Debug|Any CPU
		{F87E6389-DC44-4EA6-8502-3E1E9DD16E94}.Debug|x86.Build.0 = Debug|Any CPU
		{F87E6389-DC44-4EA6-8502-3E1E9DD16E94}.Release|Any CPU.ActiveCfg = Release|Any CPU
		{F87E6389-DC44-4EA6-8502-3E1E9DD16E94}.Release|Any CPU.Build.0 = Release|Any CPU
		{F87E6389-DC44-4EA6-8502-3E1E9DD16E94}.Release|x64.ActiveCfg = Release|Any CPU
		{F87E6389-DC44-4EA6-8502-3E1E9DD16E94}.Release|x64.Build.0 = Release|Any CPU
		{F87E6389-DC44-4EA6-8502-3E1E9DD16E94}.Release|x86.ActiveCfg = Release|Any CPU
		{F87E6389-DC44-4EA6-8502-3E1E9DD16E94}.Release|x86.Build.0 = Release|Any CPU
		{7E2FC8AD-3049-4D06-B7DC-927CC1C6951C}.Debug|Any CPU.ActiveCfg = Debug|Any CPU
		{7E2FC8AD-3049-4D06-B7DC-927CC1C6951C}.Debug|Any CPU.Build.0 = Debug|Any CPU
		{7E2FC8AD-3049-4D06-B7DC-927CC1C6951C}.Debug|x64.ActiveCfg = Debug|Any CPU
		{7E2FC8AD-3049-4D06-B7DC-927CC1C6951C}.Debug|x64.Build.0 = Debug|Any CPU
		{7E2FC8AD-3049-4D06-B7DC-927CC1C6951C}.Debug|x86.ActiveCfg = Debug|Any CPU
		{7E2FC8AD-3049-4D06-B7DC-927CC1C6951C}.Debug|x86.Build.0 = Debug|Any CPU
		{7E2FC8AD-3049-4D06-B7DC-927CC1C6951C}.Release|Any CPU.ActiveCfg = Release|Any CPU
		{7E2FC8AD-3049-4D06-B7DC-927CC1C6951C}.Release|Any CPU.Build.0 = Release|Any CPU
		{7E2FC8AD-3049-4D06-B7DC-927CC1C6951C}.Release|x64.ActiveCfg = Release|Any CPU
		{7E2FC8AD-3049-4D06-B7DC-927CC1C6951C}.Release|x64.Build.0 = Release|Any CPU
		{7E2FC8AD-3049-4D06-B7DC-927CC1C6951C}.Release|x86.ActiveCfg = Release|Any CPU
		{7E2FC8AD-3049-4D06-B7DC-927CC1C6951C}.Release|x86.Build.0 = Release|Any CPU
	EndGlobalSection
	GlobalSection(NestedProjects) = preSolution
		{4DEC27E3-370D-4C79-8845-F416B08D418E} = {8F85A366-832A-40AB-92BB-0A49C546B49B}
		{5ABFA401-AF4A-43DA-A11A-F0D2537A25AE} = {8F85A366-832A-40AB-92BB-0A49C546B49B}
		{A660297C-4168-4BE8-B69B-73F6EAA1C18C} = {8F85A366-832A-40AB-92BB-0A49C546B49B}
		{F87E6389-DC44-4EA6-8502-3E1E9DD16E94} = {8F85A366-832A-40AB-92BB-0A49C546B49B}
		{7E2FC8AD-3049-4D06-B7DC-927CC1C6951C} = {8F85A366-832A-40AB-92BB-0A49C546B49B}
	EndGlobalSection
EndGlobal
